{
  "requires": true,
  "lockfileVersion": 1,
  "dependencies": {
    "openzeppelin-solidity": {
      "version": "2.0.0",
      "resolved": "https://registry.npmjs.org/openzeppelin-solidity/-/openzeppelin-solidity-2.0.0.tgz",
      "integrity": "sha512-SolpxQFArtiYnlSNg3dZ9sz0WVlKtPqSOcJkXRllaZp4+Lpfqz3vxF0yoh7g75TszKPyadqoJmU7+GM/vwh9SA=="
    },
    "upgrade": {
      "version": "1.1.0",
      "resolved": "https://registry.npmjs.org/upgrade/-/upgrade-1.1.0.tgz",
      "integrity": "sha1-SlCHXsXHFdGTeXmfBZCg55aVj2E="
    },
    "yarn": {
      "version": "1.12.1",
      "resolved": "https://registry.npmjs.org/yarn/-/yarn-1.12.1.tgz",
      "integrity": "sha512-vdVLrYWx73k4QR8ZpQQ3HJg/X8aAunjUHuPlADR/ogmZOhnqgAdETPz0e/Df+MW8Dno7F1dOxS5e3G6niobumw=="
    }
  }
}
